
Microsoft Visual Studio Solution File, Format Version 12.00
# Visual Studio 15
VisualStudioVersion = 15.0.28010.0
MinimumVisualStudioVersion = 10.0.40219.1
Project("{9A19103F-16F7-4668-BE54-9A1E7A4F7556}") = "LoadBalance", "LoadBalanceHash\LoadBalance.csproj", "{347EBF15-F84F-456D-84D4-9D00E2B0F787}"
EndProject
Project("{9A19103F-16F7-4668-BE54-9A1E7A4F7556}") = "ConsoleApp1", "ConsoleApp1\ConsoleApp1.csproj", "{C9D00FB6-15D1-41E4-886E-0068BC6B19FC}"
EndProject
Project("{FAE04EC0-301F-11D3-BF4B-00C04F79EFBC}") = "KetamaHash", "KetamaHash\KetamaHash.csproj", "{C38C2DF7-6C3D-459A-AA07-0B3C69BD36B1}"
EndProject
Global
	GlobalSection(SolutionConfigurationPlatforms) = preSolution
		Debug|Any CPU = Debug|Any CPU
		Release|Any CPU = Release|Any CPU
	EndGlobalSection
	GlobalSection(ProjectConfigurationPlatforms) = postSolution
		{347EBF15-F84F-456D-84D4-9D00E2B0F787}.Debug|Any CPU.ActiveCfg = Debug|Any CPU
		{347EBF15-F84F-456D-84D4-9D00E2B0F787}.Debug|Any CPU.Build.0 = Debug|Any CPU
		{347EBF15-F84F-456D-84D4-9D00E2B0F787}.Release|Any CPU.ActiveCfg = Release|Any CPU
		{347EBF15-F84F-456D-84D4-9D00E2B0F787}.Release|Any CPU.Build.0 = Release|Any CPU
		{C9D00FB6-15D1-41E4-886E-0068BC6B19FC}.Debug|Any CPU.ActiveCfg = Debug|Any CPU
		{C9D00FB6-15D1-41E4-886E-0068BC6B19FC}.Debug|Any CPU.Build.0 = Debug|Any CPU
		{C9D00FB6-15D1-41E4-886E-0068BC6B19FC}.Release|Any CPU.ActiveCfg = Release|Any CPU
		{C9D00FB6-15D1-41E4-886E-0068BC6B19FC}.Release|Any CPU.Build.0 = Release|Any CPU
		{C38C2DF7-6C3D-459A-AA07-0B3C69BD36B1}.Debug|Any CPU.ActiveCfg = Debug|Any CPU
		{C38C2DF7-6C3D-459A-AA07-0B3C69BD36B1}.Debug|Any CPU.Build.0 = Debug|Any CPU
		{C38C2DF7-6C3D-459A-AA07-0B3C69BD36B1}.Release|Any CPU.ActiveCfg = Release|Any CPU
		{C38C2DF7-6C3D-459A-AA07-0B3C69BD36B1}.Release|Any CPU.Build.0 = Release|Any CPU
	EndGlobalSection
	GlobalSection(SolutionProperties) = preSolution
		HideSolutionNode = FALSE
	EndGlobalSection
	GlobalSection(ExtensibilityGlobals) = postSolution
		SolutionGuid = {FE96E66D-9C26-4C28-8FBA-1BE49BC96E8E}
	EndGlobalSection
EndGlobal
